
Microsoft Visual Studio Solution File, Format Version 12.00
# Visual Studio Express 2013 for Windows Desktop
VisualStudioVersion = 12.0.21005.1
MinimumVisualStudioVersion = 10.0.40219.1
Project("{2150E333-8FDC-42A3-9474-1A3956D46DE8}") = "Solution Items", "Solution Items", "{9D660666-F54E-4A3E-9FD5-2B911313695B}"
EndProject
Project("{FAE04EC0-301F-11D3-BF4B-00C04F79EFBC}") = "GifPaper", "FormTestApp\GifPaper.csproj", "{5AE511E2-A64D-4B06-BC5C-9C7B5B4CF84D}"
EndProject
Global
	GlobalSection(SolutionConfigurationPlatforms) = preSolution
		Debug|Any CPU = Debug|Any CPU
		Debug|Mixed Platforms = Debug|Mixed Platforms
		Debug|x86 = Debug|x86
		Release|Any CPU = Release|Any CPU
		Release|Mixed Platforms = Release|Mixed Platforms
		Release|x86 = Release|x86
	EndGlobalSection
	GlobalSection(ProjectConfigurationPlatforms) = postSolution
		{5AE511E2-A64D-4B06-BC5C-9C7B5B4CF84D}.Debug|Any CPU.ActiveCfg = Debug|x86
		{5AE511E2-A64D-4B06-BC5C-9C7B5B4CF84D}.Debug|Mixed Platforms.ActiveCfg = Debug|x86
		{5AE511E2-A64D-4B06-BC5C-9C7B5B4CF84D}.Debug|Mixed Platforms.Build.0 = Debug|x86
		{5AE511E2-A64D-4B06-BC5C-9C7B5B4CF84D}.Debug|x86.ActiveCfg = Debug|x86
		{5AE511E2-A64D-4B06-BC5C-9C7B5B4CF84D}.Debug|x86.Build.0 = Debug|x86
		{5AE511E2-A64D-4B06-BC5C-9C7B5B4CF84D}.Release|Any CPU.ActiveCfg = Release|x86
		{5AE511E2-A64D-4B06-BC5C-9C7B5B4CF84D}.Release|Mixed Platforms.ActiveCfg = Release|x86
		{5AE511E2-A64D-4B06-BC5C-9C7B5B4CF84D}.Release|Mixed Platforms.Build.0 = Release|x86
		{5AE511E2-A64D-4B06-BC5C-9C7B5B4CF84D}.Release|x86.ActiveCfg = Release|x86
		{5AE511E2-A64D-4B06-BC5C-9C7B5B4CF84D}.Release|x86.Build.0 = Release|x86
	EndGlobalSection
	GlobalSection(SolutionProperties) = preSolution
		HideSolutionNode = FALSE
	EndGlobalSection
EndGlobal
